
Microsoft Visual Studio Solution File, Format Version 12.00
# Visual Studio Version 16
VisualStudioVersion = 16.0.31613.86
MinimumVisualStudioVersion = 10.0.40219.1
Project("{9A19103F-16F7-4668-BE54-9A1E7A4F7556}") = "Assignment.Server", "Assignment\Server\Assignment.Server.csproj", "{188635B6-1F85-455A-9874-380394AC30F2}"
EndProject
Project("{9A19103F-16F7-4668-BE54-9A1E7A4F7556}") = "Assignment.Client", "Assignment\Client\Assignment.Client.csproj", "{D3881499-2EA1-4EB9-8628-BB678E6AF867}"
EndProject
Project("{9A19103F-16F7-4668-BE54-9A1E7A4F7556}") = "Assignment.Shared", "Assignment\Shared\Assignment.Shared.csproj", "{37F30B06-1EE7-4D82-97C7-37075DB5606E}"
EndProject
Global
	GlobalSection(SolutionConfigurationPlatforms) = preSolution
		Debug|Any CPU = Debug|Any CPU
		Release|Any CPU = Release|Any CPU
	EndGlobalSection
	GlobalSection(ProjectConfigurationPlatforms) = postSolution
		{188635B6-1F85-455A-9874-380394AC30F2}.Debug|Any CPU.ActiveCfg = Debug|Any CPU
		{188635B6-1F85-455A-9874-380394AC30F2}.Debug|Any CPU.Build.0 = Debug|Any CPU
		{188635B6-1F85-455A-9874-380394AC30F2}.Release|Any CPU.ActiveCfg = Release|Any CPU
		{188635B6-1F85-455A-9874-380394AC30F2}.Release|Any CPU.Build.0 = Release|Any CPU
		{D3881499-2EA1-4EB9-8628-BB678E6AF867}.Debug|Any CPU.ActiveCfg = Debug|Any CPU
		{D3881499-2EA1-4EB9-8628-BB678E6AF867}.Debug|Any CPU.Build.0 = Debug|Any CPU
		{D3881499-2EA1-4EB9-8628-BB678E6AF867}.Release|Any CPU.ActiveCfg = Release|Any CPU
		{D3881499-2EA1-4EB9-8628-BB678E6AF867}.Release|Any CPU.Build.0 = Release|Any CPU
		{37F30B06-1EE7-4D82-97C7-37075DB5606E}.Debug|Any CPU.ActiveCfg = Debug|Any CPU
		{37F30B06-1EE7-4D82-97C7-37075DB5606E}.Debug|Any CPU.Build.0 = Debug|Any CPU
		{37F30B06-1EE7-4D82-97C7-37075DB5606E}.Release|Any CPU.ActiveCfg = Release|Any CPU
		{37F30B06-1EE7-4D82-97C7-37075DB5606E}.Release|Any CPU.Build.0 = Release|Any CPU
	EndGlobalSection
	GlobalSection(SolutionProperties) = preSolution
		HideSolutionNode = FALSE
	EndGlobalSection
	GlobalSection(ExtensibilityGlobals) = postSolution
		SolutionGuid = {4D578D8D-4771-43C7-A529-C42226A7240C}
	EndGlobalSection
EndGlobal
